
Microsoft Visual Studio Solution File, Format Version 12.00
# Visual Studio Version 17
VisualStudioVersion = 17.13.35818.85
MinimumVisualStudioVersion = 10.0.40219.1
Project("{8BC9CEB8-8B4A-11D0-8D11-00A0C91BC942}") = "lab1", "lab1\lab1.vcxproj", "{E84F4501-9ED6-42CC-84D4-3264EFECF2CE}"
EndProject
Project("{8BC9CEB8-8B4A-11D0-8D11-00A0C91BC942}") = "lab2", "lab2\lab2.vcxproj", "{50003C7A-6B3C-48C3-9A81-9F9AF421C6B5}"
EndProject
Project("{8BC9CEB8-8B4A-11D0-8D11-00A0C91BC942}") = "lab3", "lab3\lab3.vcxproj", "{679F0CAD-A842-41A9-8B48-7935F511184F}"
EndProject
Project("{8BC9CEB8-8B4A-11D0-8D11-00A0C91BC942}") = "lab4", "lab4\lab4.vcxproj", "{15388C3F-6766-4034-A06E-195DDE76851B}"
EndProject
Project("{2150E333-8FDC-42A3-9474-1A3956D46DE8}") = "Элементы решения", "Элементы решения", "{754FC069-D67B-A9D7-50A1-8D1CA196D8F1}"
	ProjectSection(SolutionItems) = preProject
		textures\bricks.dds = textures\bricks.dds
		textures\design.dds = textures\design.dds
		textures\negx.dds = textures\negx.dds
		pictures\negx.jpg = pictures\negx.jpg
		textures\negy.dds = textures\negy.dds
		pictures\negy.jpg = pictures\negy.jpg
		textures\negz.dds = textures\negz.dds
		pictures\negz.jpg = pictures\negz.jpg
		textures\posx.dds = textures\posx.dds
		pictures\posx.jpg = pictures\posx.jpg
		textures\posy.dds = textures\posy.dds
		pictures\posy.jpg = pictures\posy.jpg
		textures\posz.dds = textures\posz.dds
		pictures\posz.jpg = pictures\posz.jpg
	EndProjectSection
EndProject
Project("{8BC9CEB8-8B4A-11D0-8D11-00A0C91BC942}") = "lab5", "lab5\lab5.vcxproj", "{3DC8DB2C-3350-48D8-9127-4A2D2E8CB191}"
EndProject
Project("{8BC9CEB8-8B4A-11D0-8D11-00A0C91BC942}") = "lab6", "lab6\lab6.vcxproj", "{F6708B84-8EFA-4BCB-829B-B1F8775CE0BC}"
EndProject
Project("{8BC9CEB8-8B4A-11D0-8D11-00A0C91BC942}") = "lab7", "lab7\lab7.vcxproj", "{F7D446CF-A7AD-42B5-A716-135D817E272A}"
EndProject
Global
	GlobalSection(SolutionConfigurationPlatforms) = preSolution
		Debug|x64 = Debug|x64
		Debug|x86 = Debug|x86
		Release|x64 = Release|x64
		Release|x86 = Release|x86
	EndGlobalSection
	GlobalSection(ProjectConfigurationPlatforms) = postSolution
		{E84F4501-9ED6-42CC-84D4-3264EFECF2CE}.Debug|x64.ActiveCfg = Debug|x64
		{E84F4501-9ED6-42CC-84D4-3264EFECF2CE}.Debug|x64.Build.0 = Debug|x64
		{E84F4501-9ED6-42CC-84D4-3264EFECF2CE}.Debug|x86.ActiveCfg = Debug|Win32
		{E84F4501-9ED6-42CC-84D4-3264EFECF2CE}.Debug|x86.Build.0 = Debug|Win32
		{E84F4501-9ED6-42CC-84D4-3264EFECF2CE}.Release|x64.ActiveCfg = Release|x64
		{E84F4501-9ED6-42CC-84D4-3264EFECF2CE}.Release|x64.Build.0 = Release|x64
		{E84F4501-9ED6-42CC-84D4-3264EFECF2CE}.Release|x86.ActiveCfg = Release|Win32
		{E84F4501-9ED6-42CC-84D4-3264EFECF2CE}.Release|x86.Build.0 = Release|Win32
		{50003C7A-6B3C-48C3-9A81-9F9AF421C6B5}.Debug|x64.ActiveCfg = Debug|x64
		{50003C7A-6B3C-48C3-9A81-9F9AF421C6B5}.Debug|x64.Build.0 = Debug|x64
		{50003C7A-6B3C-48C3-9A81-9F9AF421C6B5}.Debug|x86.ActiveCfg = Debug|Win32
		{50003C7A-6B3C-48C3-9A81-9F9AF421C6B5}.Debug|x86.Build.0 = Debug|Win32
		{50003C7A-6B3C-48C3-9A81-9F9AF421C6B5}.Release|x64.ActiveCfg = Release|x64
		{50003C7A-6B3C-48C3-9A81-9F9AF421C6B5}.Release|x64.Build.0 = Release|x64
		{50003C7A-6B3C-48C3-9A81-9F9AF421C6B5}.Release|x86.ActiveCfg = Release|Win32
		{50003C7A-6B3C-48C3-9A81-9F9AF421C6B5}.Release|x86.Build.0 = Release|Win32
		{679F0CAD-A842-41A9-8B48-7935F511184F}.Debug|x64.ActiveCfg = Debug|x64
		{679F0CAD-A842-41A9-8B48-7935F511184F}.Debug|x64.Build.0 = Debug|x64
		{679F0CAD-A842-41A9-8B48-7935F511184F}.Debug|x86.ActiveCfg = Debug|Win32
		{679F0CAD-A842-41A9-8B48-7935F511184F}.Debug|x86.Build.0 = Debug|Win32
		{679F0CAD-A842-41A9-8B48-7935F511184F}.Release|x64.ActiveCfg = Release|x64
		{679F0CAD-A842-41A9-8B48-7935F511184F}.Release|x64.Build.0 = Release|x64
		{679F0CAD-A842-41A9-8B48-7935F511184F}.Release|x86.ActiveCfg = Release|Win32
		{679F0CAD-A842-41A9-8B48-7935F511184F}.Release|x86.Build.0 = Release|Win32
		{15388C3F-6766-4034-A06E-195DDE76851B}.Debug|x64.ActiveCfg = Debug|x64
		{15388C3F-6766-4034-A06E-195DDE76851B}.Debug|x64.Build.0 = Debug|x64
		{15388C3F-6766-4034-A06E-195DDE76851B}.Debug|x86.ActiveCfg = Debug|Win32
		{15388C3F-6766-4034-A06E-195DDE76851B}.Debug|x86.Build.0 = Debug|Win32
		{15388C3F-6766-4034-A06E-195DDE76851B}.Release|x64.ActiveCfg = Release|x64
		{15388C3F-6766-4034-A06E-195DDE76851B}.Release|x64.Build.0 = Release|x64
		{15388C3F-6766-4034-A06E-195DDE76851B}.Release|x86.ActiveCfg = Release|Win32
		{15388C3F-6766-4034-A06E-195DDE76851B}.Release|x86.Build.0 = Release|Win32
		{3DC8DB2C-3350-48D8-9127-4A2D2E8CB191}.Debug|x64.ActiveCfg = Debug|x64
		{3DC8DB2C-3350-48D8-9127-4A2D2E8CB191}.Debug|x64.Build.0 = Debug|x64
		{3DC8DB2C-3350-48D8-9127-4A2D2E8CB191}.Debug|x86.ActiveCfg = Debug|Win32
		{3DC8DB2C-3350-48D8-9127-4A2D2E8CB191}.Debug|x86.Build.0 = Debug|Win32
		{3DC8DB2C-3350-48D8-9127-4A2D2E8CB191}.Release|x64.ActiveCfg = Release|x64
		{3DC8DB2C-3350-48D8-9127-4A2D2E8CB191}.Release|x64.Build.0 = Release|x64
		{3DC8DB2C-3350-48D8-9127-4A2D2E8CB191}.Release|x86.ActiveCfg = Release|Win32
		{3DC8DB2C-3350-48D8-9127-4A2D2E8CB191}.Release|x86.Build.0 = Release|Win32
		{F6708B84-8EFA-4BCB-829B-B1F8775CE0BC}.Debug|x64.ActiveCfg = Debug|x64
		{F6708B84-8EFA-4BCB-829B-B1F8775CE0BC}.Debug|x64.Build.0 = Debug|x64
		{F6708B84-8EFA-4BCB-829B-B1F8775CE0BC}.Debug|x86.ActiveCfg = Debug|Win32
		{F6708B84-8EFA-4BCB-829B-B1F8775CE0BC}.Debug|x86.Build.0 = Debug|Win32
		{F6708B84-8EFA-4BCB-829B-B1F8775CE0BC}.Release|x64.ActiveCfg = Release|x64
		{F6708B84-8EFA-4BCB-829B-B1F8775CE0BC}.Release|x64.Build.0 = Release|x64
		{F6708B84-8EFA-4BCB-829B-B1F8775CE0BC}.Release|x86.ActiveCfg = Release|Win32
		{F6708B84-8EFA-4BCB-829B-B1F8775CE0BC}.Release|x86.Build.0 = Release|Win32
		{F7D446CF-A7AD-42B5-A716-135D817E272A}.Debug|x64.ActiveCfg = Debug|x64
		{F7D446CF-A7AD-42B5-A716-135D817E272A}.Debug|x64.Build.0 = Debug|x64
		{F7D446CF-A7AD-42B5-A716-135D817E272A}.Debug|x86.ActiveCfg = Debug|Win32
		{F7D446CF-A7AD-42B5-A716-135D817E272A}.Debug|x86.Build.0 = Debug|Win32
		{F7D446CF-A7AD-42B5-A716-135D817E272A}.Release|x64.ActiveCfg = Release|x64
		{F7D446CF-A7AD-42B5-A716-135D817E272A}.Release|x64.Build.0 = Release|x64
		{F7D446CF-A7AD-42B5-A716-135D817E272A}.Release|x86.ActiveCfg = Release|Win32
		{F7D446CF-A7AD-42B5-A716-135D817E272A}.Release|x86.Build.0 = Release|Win32
	EndGlobalSection
	GlobalSection(SolutionProperties) = preSolution
		HideSolutionNode = FALSE
	EndGlobalSection
	GlobalSection(ExtensibilityGlobals) = postSolution
		SolutionGuid = {84A8A0BC-C2CA-44D0-A2D2-A58E664DD0F1}
	EndGlobalSection
EndGlobal
